
Microsoft Visual Studio Solution File, Format Version 12.00
# Visual Studio Version 17
VisualStudioVersion = 17.1.32421.90
MinimumVisualStudioVersion = 10.0.40219.1
Project("{2150E333-8FDC-42A3-9474-1A3956D46DE8}") = "Services", "Services", "{B82F4843-8F53-43B5-BA08-10729BE52F38}"
EndProject
Project("{2150E333-8FDC-42A3-9474-1A3956D46DE8}") = "Catalog", "Catalog", "{784ABEAC-8D0B-460E-8DC5-142E5EBA3D06}"
EndProject
Project("{FAE04EC0-301F-11D3-BF4B-00C04F79EFBC}") = "Catalog.API", "Services\Catalog\Catalog.API\Catalog.API.csproj", "{EC248FC1-61F3-41C2-A713-068480569FC5}"
EndProject
Global
	GlobalSection(SolutionConfigurationPlatforms) = preSolution
		Debug|Any CPU = Debug|Any CPU
		Release|Any CPU = Release|Any CPU
	EndGlobalSection
	GlobalSection(ProjectConfigurationPlatforms) = postSolution
		{EC248FC1-61F3-41C2-A713-068480569FC5}.Debug|Any CPU.ActiveCfg = Debug|Any CPU
		{EC248FC1-61F3-41C2-A713-068480569FC5}.Debug|Any CPU.Build.0 = Debug|Any CPU
		{EC248FC1-61F3-41C2-A713-068480569FC5}.Release|Any CPU.ActiveCfg = Release|Any CPU
		{EC248FC1-61F3-41C2-A713-068480569FC5}.Release|Any CPU.Build.0 = Release|Any CPU
	EndGlobalSection
	GlobalSection(SolutionProperties) = preSolution
		HideSolutionNode = FALSE
	EndGlobalSection
	GlobalSection(NestedProjects) = preSolution
		{784ABEAC-8D0B-460E-8DC5-142E5EBA3D06} = {B82F4843-8F53-43B5-BA08-10729BE52F38}
		{EC248FC1-61F3-41C2-A713-068480569FC5} = {784ABEAC-8D0B-460E-8DC5-142E5EBA3D06}
	EndGlobalSection
	GlobalSection(ExtensibilityGlobals) = postSolution
		SolutionGuid = {08B8E7DA-6A56-4785-912C-D5FC9D2E8101}
	EndGlobalSection
EndGlobal
